// !$*UTF8*$!
{
	archiveVersion = 1;
	classes = {
	};
	objectVersion = 77;
	objects = {

/* Begin PBXBuildFile section */
		B8B4B9732CF0AD8800896EF6 /* Colors.xcassets in Resources */ = {isa = PBXBuildFile; fileRef = B8B4B9692CF0AD8800896EF6 /* Colors.xcassets */; };
		B8B4B9742CF0AD8800896EF6 /* Images.xcassets in Resources */ = {isa = PBXBuildFile; fileRef = B8B4B96A2CF0AD8800896EF6 /* Images.xcassets */; };
		B8B4B9762CF0AD8800896EF6 /* AppDelegate.swift in Sources */ = {isa = PBXBuildFile; fileRef = B8B4B96C2CF0AD8800896EF6 /* AppDelegate.swift */; };
		B8B4B9782CF0AD8800896EF6 /* ToDoListApp.xcdatamodeld in Sources */ = {isa = PBXBuildFile; fileRef = B8B4B96F2CF0AD8800896EF6 /* ToDoListApp.xcdatamodeld */; };
		B8B4B9792CF0AD8800896EF6 /* TaskListViewController.swift in Sources */ = {isa = PBXBuildFile; fileRef = B8B4B9702CF0AD8800896EF6 /* TaskListViewController.swift */; };
		B8B4B97F2CF0ADC100896EF6 /* Task.swift in Sources */ = {isa = PBXBuildFile; fileRef = B8B4B97E2CF0ADC100896EF6 /* Task.swift */; };
		B8B4B9812CF0B29600896EF6 /* TaskDetailsViewController.swift in Sources */ = {isa = PBXBuildFile; fileRef = B8B4B9802CF0B29600896EF6 /* TaskDetailsViewController.swift */; };
		B8B4B9832CF0B2E600896EF6 /* TaskListProtocols.swift in Sources */ = {isa = PBXBuildFile; fileRef = B8B4B9822CF0B2E600896EF6 /* TaskListProtocols.swift */; };
		B8B4B9852CF0B2F800896EF6 /* TaskListRouter.swift in Sources */ = {isa = PBXBuildFile; fileRef = B8B4B9842CF0B2F800896EF6 /* TaskListRouter.swift */; };
		B8B4B9872CF0B30B00896EF6 /* TaskListPresenter.swift in Sources */ = {isa = PBXBuildFile; fileRef = B8B4B9862CF0B30B00896EF6 /* TaskListPresenter.swift */; };
		B8B4B9892CF0B31D00896EF6 /* TaskListInteractor.swift in Sources */ = {isa = PBXBuildFile; fileRef = B8B4B9882CF0B31D00896EF6 /* TaskListInteractor.swift */; };
		B8B4B98B2CF0D8D300896EF6 /* TaskDetailsProtocols.swift in Sources */ = {isa = PBXBuildFile; fileRef = B8B4B98A2CF0D8D300896EF6 /* TaskDetailsProtocols.swift */; };
		B8B4B98D2CF0D90000896EF6 /* TaskDetailsRouter.swift in Sources */ = {isa = PBXBuildFile; fileRef = B8B4B98C2CF0D8FF00896EF6 /* TaskDetailsRouter.swift */; };
		B8B4B98F2CF0D90F00896EF6 /* TaskDetailsPresenter.swift in Sources */ = {isa = PBXBuildFile; fileRef = B8B4B98E2CF0D90F00896EF6 /* TaskDetailsPresenter.swift */; };
		B8B4B9912CF0D91D00896EF6 /* TaskDetailsInteractor.swift in Sources */ = {isa = PBXBuildFile; fileRef = B8B4B9902CF0D91D00896EF6 /* TaskDetailsInteractor.swift */; };
		B8B4B9932CF0E3A000896EF6 /* TaskStore.swift in Sources */ = {isa = PBXBuildFile; fileRef = B8B4B9922CF0E3A000896EF6 /* TaskStore.swift */; };
		B8B4B9952CF355C400896EF6 /* TaskListView.swift in Sources */ = {isa = PBXBuildFile; fileRef = B8B4B9942CF355C400896EF6 /* TaskListView.swift */; };
		B8B4B9972CF35DAE00896EF6 /* TaskListTableViewCell.swift in Sources */ = {isa = PBXBuildFile; fileRef = B8B4B9962CF35DAE00896EF6 /* TaskListTableViewCell.swift */; };
		B8B4B99A2CF3616800896EF6 /* TaskDetailsView.swift in Sources */ = {isa = PBXBuildFile; fileRef = B8B4B9992CF3616800896EF6 /* TaskDetailsView.swift */; };
		B8B4B99C2CF37C4900896EF6 /* Checkbox.swift in Sources */ = {isa = PBXBuildFile; fileRef = B8B4B99B2CF37C4900896EF6 /* Checkbox.swift */; };
		B8B4B99E2CF4A11800896EF6 /* LocalizedContent.swift in Sources */ = {isa = PBXBuildFile; fileRef = B8B4B99D2CF4A11800896EF6 /* LocalizedContent.swift */; };
/* End PBXBuildFile section */

/* Begin PBXFileReference section */
		B8B4B9472CF0AA8D00896EF6 /* ToDoListApp.app */ = {isa = PBXFileReference; explicitFileType = wrapper.application; includeInIndex = 0; path = ToDoListApp.app; sourceTree = BUILT_PRODUCTS_DIR; };
		B8B4B9692CF0AD8800896EF6 /* Colors.xcassets */ = {isa = PBXFileReference; lastKnownFileType = folder.assetcatalog; path = Colors.xcassets; sourceTree = "<group>"; };
		B8B4B96A2CF0AD8800896EF6 /* Images.xcassets */ = {isa = PBXFileReference; lastKnownFileType = folder.assetcatalog; path = Images.xcassets; sourceTree = "<group>"; };
		B8B4B96C2CF0AD8800896EF6 /* AppDelegate.swift */ = {isa = PBXFileReference; lastKnownFileType = sourcecode.swift; path = AppDelegate.swift; sourceTree = "<group>"; };
		B8B4B96D2CF0AD8800896EF6 /* Info.plist */ = {isa = PBXFileReference; lastKnownFileType = text.plist.xml; path = Info.plist; sourceTree = "<group>"; };
		B8B4B9702CF0AD8800896EF6 /* TaskListViewController.swift */ = {isa = PBXFileReference; lastKnownFileType = sourcecode.swift; path = TaskListViewController.swift; sourceTree = "<group>"; };
		B8B4B9722CF0AD8800896EF6 /* ToDoListApp.xcdatamodel */ = {isa = PBXFileReference; lastKnownFileType = wrapper.xcdatamodel; path = ToDoListApp.xcdatamodel; sourceTree = "<group>"; };
		B8B4B97E2CF0ADC100896EF6 /* Task.swift */ = {isa = PBXFileReference; lastKnownFileType = sourcecode.swift; path = Task.swift; sourceTree = "<group>"; };
		B8B4B9802CF0B29600896EF6 /* TaskDetailsViewController.swift */ = {isa = PBXFileReference; lastKnownFileType = sourcecode.swift; path = TaskDetailsViewController.swift; sourceTree = "<group>"; };
		B8B4B9822CF0B2E600896EF6 /* TaskListProtocols.swift */ = {isa = PBXFileReference; lastKnownFileType = sourcecode.swift; path = TaskListProtocols.swift; sourceTree = "<group>"; };
		B8B4B9842CF0B2F800896EF6 /* TaskListRouter.swift */ = {isa = PBXFileReference; lastKnownFileType = sourcecode.swift; path = TaskListRouter.swift; sourceTree = "<group>"; };
		B8B4B9862CF0B30B00896EF6 /* TaskListPresenter.swift */ = {isa = PBXFileReference; lastKnownFileType = sourcecode.swift; path = TaskListPresenter.swift; sourceTree = "<group>"; };
		B8B4B9882CF0B31D00896EF6 /* TaskListInteractor.swift */ = {isa = PBXFileReference; lastKnownFileType = sourcecode.swift; path = TaskListInteractor.swift; sourceTree = "<group>"; };
		B8B4B98A2CF0D8D300896EF6 /* TaskDetailsProtocols.swift */ = {isa = PBXFileReference; lastKnownFileType = sourcecode.swift; path = TaskDetailsProtocols.swift; sourceTree = "<group>"; };
		B8B4B98C2CF0D8FF00896EF6 /* TaskDetailsRouter.swift */ = {isa = PBXFileReference; lastKnownFileType = sourcecode.swift; path = TaskDetailsRouter.swift; sourceTree = "<group>"; };
		B8B4B98E2CF0D90F00896EF6 /* TaskDetailsPresenter.swift */ = {isa = PBXFileReference; lastKnownFileType = sourcecode.swift; path = TaskDetailsPresenter.swift; sourceTree = "<group>"; };
		B8B4B9902CF0D91D00896EF6 /* TaskDetailsInteractor.swift */ = {isa = PBXFileReference; lastKnownFileType = sourcecode.swift; path = TaskDetailsInteractor.swift; sourceTree = "<group>"; };
		B8B4B9922CF0E3A000896EF6 /* TaskStore.swift */ = {isa = PBXFileReference; lastKnownFileType = sourcecode.swift; path = TaskStore.swift; sourceTree = "<group>"; };
		B8B4B9942CF355C400896EF6 /* TaskListView.swift */ = {isa = PBXFileReference; lastKnownFileType = sourcecode.swift; path = TaskListView.swift; sourceTree = "<group>"; };
		B8B4B9962CF35DAE00896EF6 /* TaskListTableViewCell.swift */ = {isa = PBXFileReference; lastKnownFileType = sourcecode.swift; path = TaskListTableViewCell.swift; sourceTree = "<group>"; };
		B8B4B9992CF3616800896EF6 /* TaskDetailsView.swift */ = {isa = PBXFileReference; lastKnownFileType = sourcecode.swift; path = TaskDetailsView.swift; sourceTree = "<group>"; };
		B8B4B99B2CF37C4900896EF6 /* Checkbox.swift */ = {isa = PBXFileReference; lastKnownFileType = sourcecode.swift; path = Checkbox.swift; sourceTree = "<group>"; };
		B8B4B99D2CF4A11800896EF6 /* LocalizedContent.swift */ = {isa = PBXFileReference; lastKnownFileType = sourcecode.swift; path = LocalizedContent.swift; sourceTree = "<group>"; };
/* End PBXFileReference section */

/* Begin PBXFrameworksBuildPhase section */
		B8B4B9442CF0AA8D00896EF6 /* Frameworks */ = {
			isa = PBXFrameworksBuildPhase;
			buildActionMask = 2147483647;
			files = (
			);
			runOnlyForDeploymentPostprocessing = 0;
		};
/* End PBXFrameworksBuildPhase section */

/* Begin PBXGroup section */
		B8B4B93E2CF0AA8D00896EF6 = {
			isa = PBXGroup;
			children = (
				B8B4B9712CF0AD8800896EF6 /* ToDoListApp */,
				B8B4B9482CF0AA8D00896EF6 /* Products */,
			);
			sourceTree = "<group>";
		};
		B8B4B9482CF0AA8D00896EF6 /* Products */ = {
			isa = PBXGroup;
			children = (
				B8B4B9472CF0AA8D00896EF6 /* ToDoListApp.app */,
			);
			name = Products;
			sourceTree = "<group>";
		};
		B8B4B96B2CF0AD8800896EF6 /* Assets */ = {
			isa = PBXGroup;
			children = (
				B8B4B9692CF0AD8800896EF6 /* Colors.xcassets */,
				B8B4B96A2CF0AD8800896EF6 /* Images.xcassets */,
			);
			path = Assets;
			sourceTree = "<group>";
		};
		B8B4B9712CF0AD8800896EF6 /* ToDoListApp */ = {
			isa = PBXGroup;
			children = (
				B8B4B96D2CF0AD8800896EF6 /* Info.plist */,
				B8B4B97A2CF0AD8D00896EF6 /* Entities */,
				B8B4B97B2CF0AD9A00896EF6 /* Modules */,
				B8B4B96B2CF0AD8800896EF6 /* Assets */,
				B8B4B96C2CF0AD8800896EF6 /* AppDelegate.swift */,
				B8B4B96F2CF0AD8800896EF6 /* ToDoListApp.xcdatamodeld */,
				B8B4B99D2CF4A11800896EF6 /* LocalizedContent.swift */,
			);
			path = ToDoListApp;
			sourceTree = "<group>";
		};
		B8B4B97A2CF0AD8D00896EF6 /* Entities */ = {
			isa = PBXGroup;
			children = (
				B8B4B97E2CF0ADC100896EF6 /* Task.swift */,
				B8B4B9922CF0E3A000896EF6 /* TaskStore.swift */,
			);
			path = Entities;
			sourceTree = "<group>";
		};
		B8B4B97B2CF0AD9A00896EF6 /* Modules */ = {
			isa = PBXGroup;
			children = (
				B8B4B97C2CF0ADAD00896EF6 /* TaskList */,
				B8B4B97D2CF0ADB300896EF6 /* TaskDetails */,
			);
			path = Modules;
			sourceTree = "<group>";
		};
		B8B4B97C2CF0ADAD00896EF6 /* TaskList */ = {
			isa = PBXGroup;
			children = (
				B8B4B9982CF3613F00896EF6 /* Views */,
				B8B4B9702CF0AD8800896EF6 /* TaskListViewController.swift */,
				B8B4B9822CF0B2E600896EF6 /* TaskListProtocols.swift */,
				B8B4B9842CF0B2F800896EF6 /* TaskListRouter.swift */,
				B8B4B9862CF0B30B00896EF6 /* TaskListPresenter.swift */,
				B8B4B9882CF0B31D00896EF6 /* TaskListInteractor.swift */,
			);
			path = TaskList;
			sourceTree = "<group>";
		};
		B8B4B97D2CF0ADB300896EF6 /* TaskDetails */ = {
			isa = PBXGroup;
			children = (
				B8B4B9992CF3616800896EF6 /* TaskDetailsView.swift */,
				B8B4B9802CF0B29600896EF6 /* TaskDetailsViewController.swift */,
				B8B4B98A2CF0D8D300896EF6 /* TaskDetailsProtocols.swift */,
				B8B4B98C2CF0D8FF00896EF6 /* TaskDetailsRouter.swift */,
				B8B4B98E2CF0D90F00896EF6 /* TaskDetailsPresenter.swift */,
				B8B4B9902CF0D91D00896EF6 /* TaskDetailsInteractor.swift */,
			);
			path = TaskDetails;
			sourceTree = "<group>";
		};
		B8B4B9982CF3613F00896EF6 /* Views */ = {
			isa = PBXGroup;
			children = (
				B8B4B9942CF355C400896EF6 /* TaskListView.swift */,
				B8B4B9962CF35DAE00896EF6 /* TaskListTableViewCell.swift */,
				B8B4B99B2CF37C4900896EF6 /* Checkbox.swift */,
			);
			path = Views;
			sourceTree = "<group>";
		};
/* End PBXGroup section */

/* Begin PBXNativeTarget section */
		B8B4B9462CF0AA8D00896EF6 /* ToDoListApp */ = {
			isa = PBXNativeTarget;
			buildConfigurationList = B8B4B95D2CF0AA9A00896EF6 /* Build configuration list for PBXNativeTarget "ToDoListApp" */;
			buildPhases = (
				B8B4B9432CF0AA8D00896EF6 /* Sources */,
				B8B4B9442CF0AA8D00896EF6 /* Frameworks */,
				B8B4B9452CF0AA8D00896EF6 /* Resources */,
			);
			buildRules = (
			);
			dependencies = (
			);
			name = ToDoListApp;
			packageProductDependencies = (
			);
			productName = ToDoListApp;
			productReference = B8B4B9472CF0AA8D00896EF6 /* ToDoListApp.app */;
			productType = "com.apple.product-type.application";
		};
/* End PBXNativeTarget section */

/* Begin PBXProject section */
		B8B4B93F2CF0AA8D00896EF6 /* Project object */ = {
			isa = PBXProject;
			attributes = {
				BuildIndependentTargetsInParallel = 1;
				LastSwiftUpdateCheck = 1610;
				LastUpgradeCheck = 1610;
				TargetAttributes = {
					B8B4B9462CF0AA8D00896EF6 = {
						CreatedOnToolsVersion = 16.1;
					};
				};
			};
			buildConfigurationList = B8B4B9422CF0AA8D00896EF6 /* Build configuration list for PBXProject "ToDoListApp" */;
			developmentRegion = en;
			hasScannedForEncodings = 0;
			knownRegions = (
				en,
				Base,
			);
			mainGroup = B8B4B93E2CF0AA8D00896EF6;
			minimizedProjectReferenceProxies = 1;
			preferredProjectObjectVersion = 77;
			productRefGroup = B8B4B9482CF0AA8D00896EF6 /* Products */;
			projectDirPath = "";
			projectRoot = "";
			targets = (
				B8B4B9462CF0AA8D00896EF6 /* ToDoListApp */,
			);
		};
/* End PBXProject section */

/* Begin PBXResourcesBuildPhase section */
		B8B4B9452CF0AA8D00896EF6 /* Resources */ = {
			isa = PBXResourcesBuildPhase;
			buildActionMask = 2147483647;
			files = (
				B8B4B9732CF0AD8800896EF6 /* Colors.xcassets in Resources */,
				B8B4B9742CF0AD8800896EF6 /* Images.xcassets in Resources */,
			);
			runOnlyForDeploymentPostprocessing = 0;
		};
/* End PBXResourcesBuildPhase section */

/* Begin PBXSourcesBuildPhase section */
		B8B4B9432CF0AA8D00896EF6 /* Sources */ = {
			isa = PBXSourcesBuildPhase;
			buildActionMask = 2147483647;
			files = (
				B8B4B9762CF0AD8800896EF6 /* AppDelegate.swift in Sources */,
				B8B4B9872CF0B30B00896EF6 /* TaskListPresenter.swift in Sources */,
				B8B4B99C2CF37C4900896EF6 /* Checkbox.swift in Sources */,
				B8B4B9952CF355C400896EF6 /* TaskListView.swift in Sources */,
				B8B4B97F2CF0ADC100896EF6 /* Task.swift in Sources */,
				B8B4B9782CF0AD8800896EF6 /* ToDoListApp.xcdatamodeld in Sources */,
				B8B4B99E2CF4A11800896EF6 /* LocalizedContent.swift in Sources */,
				B8B4B9912CF0D91D00896EF6 /* TaskDetailsInteractor.swift in Sources */,
				B8B4B9812CF0B29600896EF6 /* TaskDetailsViewController.swift in Sources */,
				B8B4B9932CF0E3A000896EF6 /* TaskStore.swift in Sources */,
				B8B4B9972CF35DAE00896EF6 /* TaskListTableViewCell.swift in Sources */,
				B8B4B98B2CF0D8D300896EF6 /* TaskDetailsProtocols.swift in Sources */,
				B8B4B99A2CF3616800896EF6 /* TaskDetailsView.swift in Sources */,
				B8B4B9832CF0B2E600896EF6 /* TaskListProtocols.swift in Sources */,
				B8B4B9792CF0AD8800896EF6 /* TaskListViewController.swift in Sources */,
				B8B4B9852CF0B2F800896EF6 /* TaskListRouter.swift in Sources */,
				B8B4B9892CF0B31D00896EF6 /* TaskListInteractor.swift in Sources */,
				B8B4B98F2CF0D90F00896EF6 /* TaskDetailsPresenter.swift in Sources */,
				B8B4B98D2CF0D90000896EF6 /* TaskDetailsRouter.swift in Sources */,
			);
			runOnlyForDeploymentPostprocessing = 0;
		};
/* End PBXSourcesBuildPhase section */

/* Begin XCBuildConfiguration section */
		B8B4B95E2CF0AA9A00896EF6 /* Debug */ = {
			isa = XCBuildConfiguration;
			buildSettings = {
				ASSETCATALOG_COMPILER_APPICON_NAME = AppIcon;
				ASSETCATALOG_COMPILER_GLOBAL_ACCENT_COLOR_NAME = AccentColor;
				CODE_SIGN_STYLE = Automatic;
				CURRENT_PROJECT_VERSION = 1;
				DEVELOPMENT_TEAM = Z8VL4FLQJ7;
				GENERATE_INFOPLIST_FILE = YES;
				INFOPLIST_FILE = ToDoListApp/Info.plist;
				INFOPLIST_KEY_UIApplicationSupportsIndirectInputEvents = YES;
				INFOPLIST_KEY_UILaunchStoryboardName = LaunchScreen;
				INFOPLIST_KEY_UISupportedInterfaceOrientations_iPad = "UIInterfaceOrientationPortrait UIInterfaceOrientationPortraitUpsideDown UIInterfaceOrientationLandscapeLeft UIInterfaceOrientationLandscapeRight";
				INFOPLIST_KEY_UISupportedInterfaceOrientations_iPhone = "UIInterfaceOrientationPortrait UIInterfaceOrientationLandscapeLeft UIInterfaceOrientationLandscapeRight";
				LD_RUNPATH_SEARCH_PATHS = (
					"$(inherited)",
					"@executable_path/Frameworks",
				);
				MARKETING_VERSION = 1.0;
				PRODUCT_BUNDLE_IDENTIFIER = com.sturdytea.ToDoListApp;
				PRODUCT_NAME = "$(TARGET_NAME)";
				SWIFT_EMIT_LOC_STRINGS = YES;
				SWIFT_VERSION = 5.0;
				TARGETED_DEVICE_FAMILY = "1,2";
			};
			name = Debug;
		};
		B8B4B95F2CF0AA9A00896EF6 /* Release */ = {
			isa = XCBuildConfiguration;
			buildSettings = {
				ASSETCATALOG_COMPILER_APPICON_NAME = AppIcon;
				ASSETCATALOG_COMPILER_GLOBAL_ACCENT_COLOR_NAME = AccentColor;
				CODE_SIGN_STYLE = Automatic;
				CURRENT_PROJECT_VERSION = 1;
				DEVELOPMENT_TEAM = Z8VL4FLQJ7;
				GENERATE_INFOPLIST_FILE = YES;
				INFOPLIST_FILE = ToDoListApp/Info.plist;
				INFOPLIST_KEY_UIApplicationSupportsIndirectInputEvents = YES;
				INFOPLIST_KEY_UILaunchStoryboardName = LaunchScreen;
				INFOPLIST_KEY_UISupportedInterfaceOrientations_iPad = "UIInterfaceOrientationPortrait UIInterfaceOrientationPortraitUpsideDown UIInterfaceOrientationLandscapeLeft UIInterfaceOrientationLandscapeRight";
				INFOPLIST_KEY_UISupportedInterfaceOrientations_iPhone = "UIInterfaceOrientationPortrait UIInterfaceOrientationLandscapeLeft UIInterfaceOrientationLandscapeRight";
				LD_RUNPATH_SEARCH_PATHS = (
					"$(inherited)",
					"@executable_path/Frameworks",
				);
				MARKETING_VERSION = 1.0;
				PRODUCT_BUNDLE_IDENTIFIER = com.sturdytea.ToDoListApp;
				PRODUCT_NAME = "$(TARGET_NAME)";
				SWIFT_EMIT_LOC_STRINGS = YES;
				SWIFT_VERSION = 5.0;
				TARGETED_DEVICE_FAMILY = "1,2";
			};
			name = Release;
		};
		B8B4B9602CF0AA9A00896EF6 /* Debug */ = {
			isa = XCBuildConfiguration;
			buildSettings = {
				ALWAYS_SEARCH_USER_PATHS = NO;
				ASSETCATALOG_COMPILER_GENERATE_SWIFT_ASSET_SYMBOL_EXTENSIONS = YES;
				CLANG_ANALYZER_NONNULL = YES;
				CLANG_ANALYZER_NUMBER_OBJECT_CONVERSION = YES_AGGRESSIVE;
				CLANG_CXX_LANGUAGE_STANDARD = "gnu++20";
				CLANG_ENABLE_MODULES = YES;
				CLANG_ENABLE_OBJC_ARC = YES;
				CLANG_ENABLE_OBJC_WEAK = YES;
				CLANG_WARN_BLOCK_CAPTURE_AUTORELEASING = YES;
				CLANG_WARN_BOOL_CONVERSION = YES;
				CLANG_WARN_COMMA = YES;
				CLANG_WARN_CONSTANT_CONVERSION = YES;
				CLANG_WARN_DEPRECATED_OBJC_IMPLEMENTATIONS = YES;
				CLANG_WARN_DIRECT_OBJC_ISA_USAGE = YES_ERROR;
				CLANG_WARN_DOCUMENTATION_COMMENTS = YES;
				CLANG_WARN_EMPTY_BODY = YES;
				CLANG_WARN_ENUM_CONVERSION = YES;
				CLANG_WARN_INFINITE_RECURSION = YES;
				CLANG_WARN_INT_CONVERSION = YES;
				CLANG_WARN_NON_LITERAL_NULL_CONVERSION = YES;
				CLANG_WARN_OBJC_IMPLICIT_RETAIN_SELF = YES;
				CLANG_WARN_OBJC_LITERAL_CONVERSION = YES;
				CLANG_WARN_OBJC_ROOT_CLASS = YES_ERROR;
				CLANG_WARN_QUOTED_INCLUDE_IN_FRAMEWORK_HEADER = YES;
				CLANG_WARN_RANGE_LOOP_ANALYSIS = YES;
				CLANG_WARN_STRICT_PROTOTYPES = YES;
				CLANG_WARN_SUSPICIOUS_MOVE = YES;
				CLANG_WARN_UNGUARDED_AVAILABILITY = YES_AGGRESSIVE;
				CLANG_WARN_UNREACHABLE_CODE = YES;
				CLANG_WARN__DUPLICATE_METHOD_MATCH = YES;
				COPY_PHASE_STRIP = NO;
				DEBUG_INFORMATION_FORMAT = dwarf;
				ENABLE_STRICT_OBJC_MSGSEND = YES;
				ENABLE_TESTABILITY = YES;
				ENABLE_USER_SCRIPT_SANDBOXING = YES;
				GCC_C_LANGUAGE_STANDARD = gnu17;
				GCC_DYNAMIC_NO_PIC = NO;
				GCC_NO_COMMON_BLOCKS = YES;
				GCC_OPTIMIZATION_LEVEL = 0;
				GCC_PREPROCESSOR_DEFINITIONS = (
					"DEBUG=1",
					"$(inherited)",
				);
				GCC_WARN_64_TO_32_BIT_CONVERSION = YES;
				GCC_WARN_ABOUT_RETURN_TYPE = YES_ERROR;
				GCC_WARN_UNDECLARED_SELECTOR = YES;
				GCC_WARN_UNINITIALIZED_AUTOS = YES_AGGRESSIVE;
				GCC_WARN_UNUSED_FUNCTION = YES;
				GCC_WARN_UNUSED_VARIABLE = YES;
				IPHONEOS_DEPLOYMENT_TARGET = 16.6;
				LOCALIZATION_PREFERS_STRING_CATALOGS = YES;
				MTL_ENABLE_DEBUG_INFO = INCLUDE_SOURCE;
				MTL_FAST_MATH = YES;
				ONLY_ACTIVE_ARCH = YES;
				SDKROOT = iphoneos;
				SWIFT_ACTIVE_COMPILATION_CONDITIONS = "DEBUG $(inherited)";
				SWIFT_OPTIMIZATION_LEVEL = "-Onone";
			};
			name = Debug;
		};
		B8B4B9612CF0AA9A00896EF6 /* Release */ = {
			isa = XCBuildConfiguration;
			buildSettings = {
				ALWAYS_SEARCH_USER_PATHS = NO;
				ASSETCATALOG_COMPILER_GENERATE_SWIFT_ASSET_SYMBOL_EXTENSIONS = YES;
				CLANG_ANALYZER_NONNULL = YES;
				CLANG_ANALYZER_NUMBER_OBJECT_CONVERSION = YES_AGGRESSIVE;
				CLANG_CXX_LANGUAGE_STANDARD = "gnu++20";
				CLANG_ENABLE_MODULES = YES;
				CLANG_ENABLE_OBJC_ARC = YES;
				CLANG_ENABLE_OBJC_WEAK = YES;
				CLANG_WARN_BLOCK_CAPTURE_AUTORELEASING = YES;
				CLANG_WARN_BOOL_CONVERSION = YES;
				CLANG_WARN_COMMA = YES;
				CLANG_WARN_CONSTANT_CONVERSION = YES;
				CLANG_WARN_DEPRECATED_OBJC_IMPLEMENTATIONS = YES;
				CLANG_WARN_DIRECT_OBJC_ISA_USAGE = YES_ERROR;
				CLANG_WARN_DOCUMENTATION_COMMENTS = YES;
				CLANG_WARN_EMPTY_BODY = YES;
				CLANG_WARN_ENUM_CONVERSION = YES;
				CLANG_WARN_INFINITE_RECURSION = YES;
				CLANG_WARN_INT_CONVERSION = YES;
				CLANG_WARN_NON_LITERAL_NULL_CONVERSION = YES;
				CLANG_WARN_OBJC_IMPLICIT_RETAIN_SELF = YES;
				CLANG_WARN_OBJC_LITERAL_CONVERSION = YES;
				CLANG_WARN_OBJC_ROOT_CLASS = YES_ERROR;
				CLANG_WARN_QUOTED_INCLUDE_IN_FRAMEWORK_HEADER = YES;
				CLANG_WARN_RANGE_LOOP_ANALYSIS = YES;
				CLANG_WARN_STRICT_PROTOTYPES = YES;
				CLANG_WARN_SUSPICIOUS_MOVE = YES;
				CLANG_WARN_UNGUARDED_AVAILABILITY = YES_AGGRESSIVE;
				CLANG_WARN_UNREACHABLE_CODE = YES;
				CLANG_WARN__DUPLICATE_METHOD_MATCH = YES;
				COPY_PHASE_STRIP = NO;
				DEBUG_INFORMATION_FORMAT = "dwarf-with-dsym";
				ENABLE_NS_ASSERTIONS = NO;
				ENABLE_STRICT_OBJC_MSGSEND = YES;
				ENABLE_USER_SCRIPT_SANDBOXING = YES;
				GCC_C_LANGUAGE_STANDARD = gnu17;
				GCC_NO_COMMON_BLOCKS = YES;
				GCC_WARN_64_TO_32_BIT_CONVERSION = YES;
				GCC_WARN_ABOUT_RETURN_TYPE = YES_ERROR;
				GCC_WARN_UNDECLARED_SELECTOR = YES;
				GCC_WARN_UNINITIALIZED_AUTOS = YES_AGGRESSIVE;
				GCC_WARN_UNUSED_FUNCTION = YES;
				GCC_WARN_UNUSED_VARIABLE = YES;
				IPHONEOS_DEPLOYMENT_TARGET = 16.6;
				LOCALIZATION_PREFERS_STRING_CATALOGS = YES;
				MTL_ENABLE_DEBUG_INFO = NO;
				MTL_FAST_MATH = YES;
				SDKROOT = iphoneos;
				SWIFT_COMPILATION_MODE = wholemodule;
				VALIDATE_PRODUCT = YES;
			};
			name = Release;
		};
/* End XCBuildConfiguration section */

/* Begin XCConfigurationList section */
		B8B4B9422CF0AA8D00896EF6 /* Build configuration list for PBXProject "ToDoListApp" */ = {
			isa = XCConfigurationList;
			buildConfigurations = (
				B8B4B9602CF0AA9A00896EF6 /* Debug */,
				B8B4B9612CF0AA9A00896EF6 /* Release */,
			);
			defaultConfigurationIsVisible = 0;
			defaultConfigurationName = Release;
		};
		B8B4B95D2CF0AA9A00896EF6 /* Build configuration list for PBXNativeTarget "ToDoListApp" */ = {
			isa = XCConfigurationList;
			buildConfigurations = (
				B8B4B95E2CF0AA9A00896EF6 /* Debug */,
				B8B4B95F2CF0AA9A00896EF6 /* Release */,
			);
			defaultConfigurationIsVisible = 0;
			defaultConfigurationName = Release;
		};
/* End XCConfigurationList section */

/* Begin XCVersionGroup section */
		B8B4B96F2CF0AD8800896EF6 /* ToDoListApp.xcdatamodeld */ = {
			isa = XCVersionGroup;
			children = (
				B8B4B9722CF0AD8800896EF6 /* ToDoListApp.xcdatamodel */,
			);
			currentVersion = B8B4B9722CF0AD8800896EF6 /* ToDoListApp.xcdatamodel */;
			path = ToDoListApp.xcdatamodeld;
			sourceTree = "<group>";
			versionGroupType = wrapper.xcdatamodel;
		};
/* End XCVersionGroup section */
	};
	rootObject = B8B4B93F2CF0AA8D00896EF6 /* Project object */;
}
